
Microsoft Visual Studio Solution File, Format Version 12.00
# Visual Studio 15
VisualStudioVersion = 15.0.28307.102
MinimumVisualStudioVersion = 10.0.40219.1
Project("{FAE04EC0-301F-11D3-BF4B-00C04F79EFBC}") = "EchoBot", "mybot\EchoBot\EchoBot.csproj", "{69B9294D-B83F-47D2-9AB4-007312B78ECD}"
EndProject
Global
	GlobalSection(SolutionConfigurationPlatforms) = preSolution
		Debug|Any CPU = Debug|Any CPU
		Release|Any CPU = Release|Any CPU
	EndGlobalSection
	GlobalSection(ProjectConfigurationPlatforms) = postSolution
		{69B9294D-B83F-47D2-9AB4-007312B78ECD}.Debug|Any CPU.ActiveCfg = Debug|Any CPU
		{69B9294D-B83F-47D2-9AB4-007312B78ECD}.Debug|Any CPU.Build.0 = Debug|Any CPU
		{69B9294D-B83F-47D2-9AB4-007312B78ECD}.Release|Any CPU.ActiveCfg = Release|Any CPU
		{69B9294D-B83F-47D2-9AB4-007312B78ECD}.Release|Any CPU.Build.0 = Release|Any CPU
	EndGlobalSection
	GlobalSection(SolutionProperties) = preSolution
		HideSolutionNode = FALSE
	EndGlobalSection
	GlobalSection(ExtensibilityGlobals) = postSolution
		SolutionGuid = {49D47E8C-7B53-4256-AAB4-51E9E9661E64}
	EndGlobalSection
EndGlobal
